{
  "name": "vecta-planner-v40-41",
  "version": "40.41.2",
  "lockfileVersion": 3,
  "requires": true,
  "packages": {
    "": {
      "name": "vecta-planner-v40-41",
      "version": "40.41.2",
      "dependencies": {
        "@supabase/supabase-js": "^2.49.8",
        "@vitejs/plugin-react": "^5.0.1",
        "vite": "^7.1.3",
        "react": "19.1.1",
        "react-dom": "19.1.1",
        "lucide-react": "^0.468.0"
      },
      "engines": {
        "node": ">=20.20.0"
      }
    }
  }
}
